// !$*UTF8*$!
{
	archiveVersion = 1;
	classes = {
	};
	objectVersion = 48;
	objects = {

/* Begin PBXBuildFile section */
		89B0D31A2021AD76002512A9 /* AppDelegate.m in Sources */ = {isa = PBXBuildFile; fileRef = 89B0D3192021AD76002512A9 /* AppDelegate.m */; };
		89B0D31D2021AD76002512A9 /* ViewController.m in Sources */ = {isa = PBXBuildFile; fileRef = 89B0D31C2021AD76002512A9 /* ViewController.m */; };
		89B0D3202021AD77002512A9 /* Main.storyboard in Resources */ = {isa = PBXBuildFile; fileRef = 89B0D31E2021AD77002512A9 /* Main.storyboard */; };
		89B0D3222021AD77002512A9 /* Assets.xcassets in Resources */ = {isa = PBXBuildFile; fileRef = 89B0D3212021AD77002512A9 /* Assets.xcassets */; };
		89B0D3252021AD77002512A9 /* LaunchScreen.storyboard in Resources */ = {isa = PBXBuildFile; fileRef = 89B0D3232021AD77002512A9 /* LaunchScreen.storyboard */; };
		89B0D3282021AD77002512A9 /* main.m in Sources */ = {isa = PBXBuildFile; fileRef = 89B0D3272021AD77002512A9 /* main.m */; };
		89B0D3322021AD77002512A9 /* NSDictionaryNilTestTests.m in Sources */ = {isa = PBXBuildFile; fileRef = 89B0D3312021AD77002512A9 /* NSDictionaryNilTestTests.m */; };
		89B0D33D2021AD77002512A9 /* NSDictionaryNilTestUITests.m in Sources */ = {isa = PBXBuildFile; fileRef = 89B0D33C2021AD77002512A9 /* NSDictionaryNilTestUITests.m */; };
		89B0D34C2021AD8D002512A9 /* NSDictionary+NilSafe.m in Sources */ = {isa = PBXBuildFile; fileRef = 89B0D34A2021AD8B002512A9 /* NSDictionary+NilSafe.m */; };
/* End PBXBuildFile section */

/* Begin PBXContainerItemProxy section */
		89B0D32E2021AD77002512A9 /* PBXContainerItemProxy */ = {
			isa = PBXContainerItemProxy;
			containerPortal = 89B0D30D2021AD76002512A9 /* Project object */;
			proxyType = 1;
			remoteGlobalIDString = 89B0D3142021AD76002512A9;
			remoteInfo = NSDictionaryNilTest;
		};
		89B0D3392021AD77002512A9 /* PBXContainerItemProxy */ = {
			isa = PBXContainerItemProxy;
			containerPortal = 89B0D30D2021AD76002512A9 /* Project object */;
			proxyType = 1;
			remoteGlobalIDString = 89B0D3142021AD76002512A9;
			remoteInfo = NSDictionaryNilTest;
		};
/* End PBXContainerItemProxy section */

/* Begin PBXFileReference section */
		89B0D3152021AD76002512A9 /* NSDictionaryNilTest.app */ = {isa = PBXFileReference; explicitFileType = wrapper.application; includeInIndex = 0; path = NSDictionaryNilTest.app; sourceTree = BUILT_PRODUCTS_DIR; };
		89B0D3182021AD76002512A9 /* AppDelegate.h */ = {isa = PBXFileReference; lastKnownFileType = sourcecode.c.h; path = AppDelegate.h; sourceTree = "<group>"; };
		89B0D3192021AD76002512A9 /* AppDelegate.m */ = {isa = PBXFileReference; lastKnownFileType = sourcecode.c.objc; path = AppDelegate.m; sourceTree = "<group>"; };
		89B0D31B2021AD76002512A9 /* ViewController.h */ = {isa = PBXFileReference; lastKnownFileType = sourcecode.c.h; path = ViewController.h; sourceTree = "<group>"; };
		89B0D31C2021AD76002512A9 /* ViewController.m */ = {isa = PBXFileReference; lastKnownFileType = sourcecode.c.objc; path = ViewController.m; sourceTree = "<group>"; };
		89B0D31F2021AD77002512A9 /* Base */ = {isa = PBXFileReference; lastKnownFileType = file.storyboard; name = Base; path = Base.lproj/Main.storyboard; sourceTree = "<group>"; };
		89B0D3212021AD77002512A9 /* Assets.xcassets */ = {isa = PBXFileReference; lastKnownFileType = folder.assetcatalog; path = Assets.xcassets; sourceTree = "<group>"; };
		89B0D3242021AD77002512A9 /* Base */ = {isa = PBXFileReference; lastKnownFileType = file.storyboard; name = Base; path = Base.lproj/LaunchScreen.storyboard; sourceTree = "<group>"; };
		89B0D3262021AD77002512A9 /* Info.plist */ = {isa = PBXFileReference; lastKnownFileType = text.plist.xml; path = Info.plist; sourceTree = "<group>"; };
		89B0D3272021AD77002512A9 /* main.m */ = {isa = PBXFileReference; lastKnownFileType = sourcecode.c.objc; path = main.m; sourceTree = "<group>"; };
		89B0D32D2021AD77002512A9 /* NSDictionaryNilTestTests.xctest */ = {isa = PBXFileReference; explicitFileType = wrapper.cfbundle; includeInIndex = 0; path = NSDictionaryNilTestTests.xctest; sourceTree = BUILT_PRODUCTS_DIR; };
		89B0D3312021AD77002512A9 /* NSDictionaryNilTestTests.m */ = {isa = PBXFileReference; lastKnownFileType = sourcecode.c.objc; path = NSDictionaryNilTestTests.m; sourceTree = "<group>"; };
		89B0D3332021AD77002512A9 /* Info.plist */ = {isa = PBXFileReference; lastKnownFileType = text.plist.xml; path = Info.plist; sourceTree = "<group>"; };
		89B0D3382021AD77002512A9 /* NSDictionaryNilTestUITests.xctest */ = {isa = PBXFileReference; explicitFileType = wrapper.cfbundle; includeInIndex = 0; path = NSDictionaryNilTestUITests.xctest; sourceTree = BUILT_PRODUCTS_DIR; };
		89B0D33C2021AD77002512A9 /* NSDictionaryNilTestUITests.m */ = {isa = PBXFileReference; lastKnownFileType = sourcecode.c.objc; path = NSDictionaryNilTestUITests.m; sourceTree = "<group>"; };
		89B0D33E2021AD77002512A9 /* Info.plist */ = {isa = PBXFileReference; lastKnownFileType = text.plist.xml; path = Info.plist; sourceTree = "<group>"; };
		89B0D34A2021AD8B002512A9 /* NSDictionary+NilSafe.m */ = {isa = PBXFileReference; fileEncoding = 4; lastKnownFileType = sourcecode.c.objc; path = "NSDictionary+NilSafe.m"; sourceTree = "<group>"; };
		89B0D34B2021AD8D002512A9 /* NSDictionary+NilSafe.h */ = {isa = PBXFileReference; fileEncoding = 4; lastKnownFileType = sourcecode.c.h; path = "NSDictionary+NilSafe.h"; sourceTree = "<group>"; };
/* End PBXFileReference section */

/* Begin PBXFrameworksBuildPhase section */
		89B0D3122021AD76002512A9 /* Frameworks */ = {
			isa = PBXFrameworksBuildPhase;
			buildActionMask = 2147483647;
			files = (
			);
			runOnlyForDeploymentPostprocessing = 0;
		};
		89B0D32A2021AD77002512A9 /* Frameworks */ = {
			isa = PBXFrameworksBuildPhase;
			buildActionMask = 2147483647;
			files = (
			);
			runOnlyForDeploymentPostprocessing = 0;
		};
		89B0D3352021AD77002512A9 /* Frameworks */ = {
			isa = PBXFrameworksBuildPhase;
			buildActionMask = 2147483647;
			files = (
			);
			runOnlyForDeploymentPostprocessing = 0;
		};
/* End PBXFrameworksBuildPhase section */

/* Begin PBXGroup section */
		89B0D30C2021AD76002512A9 = {
			isa = PBXGroup;
			children = (
				89B0D3172021AD76002512A9 /* NSDictionaryNilTest */,
				89B0D3302021AD77002512A9 /* NSDictionaryNilTestTests */,
				89B0D33B2021AD77002512A9 /* NSDictionaryNilTestUITests */,
				89B0D3162021AD76002512A9 /* Products */,
			);
			sourceTree = "<group>";
		};
		89B0D3162021AD76002512A9 /* Products */ = {
			isa = PBXGroup;
			children = (
				89B0D3152021AD76002512A9 /* NSDictionaryNilTest.app */,
				89B0D32D2021AD77002512A9 /* NSDictionaryNilTestTests.xctest */,
				89B0D3382021AD77002512A9 /* NSDictionaryNilTestUITests.xctest */,
			);
			name = Products;
			sourceTree = "<group>";
		};
		89B0D3172021AD76002512A9 /* NSDictionaryNilTest */ = {
			isa = PBXGroup;
			children = (
				89B0D3182021AD76002512A9 /* AppDelegate.h */,
				89B0D3192021AD76002512A9 /* AppDelegate.m */,
				89B0D31B2021AD76002512A9 /* ViewController.h */,
				89B0D31C2021AD76002512A9 /* ViewController.m */,
				89B0D34B2021AD8D002512A9 /* NSDictionary+NilSafe.h */,
				89B0D34A2021AD8B002512A9 /* NSDictionary+NilSafe.m */,
				89B0D31E2021AD77002512A9 /* Main.storyboard */,
				89B0D3212021AD77002512A9 /* Assets.xcassets */,
				89B0D3232021AD77002512A9 /* LaunchScreen.storyboard */,
				89B0D3262021AD77002512A9 /* Info.plist */,
				89B0D3272021AD77002512A9 /* main.m */,
			);
			path = NSDictionaryNilTest;
			sourceTree = "<group>";
		};
		89B0D3302021AD77002512A9 /* NSDictionaryNilTestTests */ = {
			isa = PBXGroup;
			children = (
				89B0D3312021AD77002512A9 /* NSDictionaryNilTestTests.m */,
				89B0D3332021AD77002512A9 /* Info.plist */,
			);
			path = NSDictionaryNilTestTests;
			sourceTree = "<group>";
		};
		89B0D33B2021AD77002512A9 /* NSDictionaryNilTestUITests */ = {
			isa = PBXGroup;
			children = (
				89B0D33C2021AD77002512A9 /* NSDictionaryNilTestUITests.m */,
				89B0D33E2021AD77002512A9 /* Info.plist */,
			);
			path = NSDictionaryNilTestUITests;
			sourceTree = "<group>";
		};
/* End PBXGroup section */

/* Begin PBXNativeTarget section */
		89B0D3142021AD76002512A9 /* NSDictionaryNilTest */ = {
			isa = PBXNativeTarget;
			buildConfigurationList = 89B0D3412021AD77002512A9 /* Build configuration list for PBXNativeTarget "NSDictionaryNilTest" */;
			buildPhases = (
				89B0D3112021AD76002512A9 /* Sources */,
				89B0D3122021AD76002512A9 /* Frameworks */,
				89B0D3132021AD76002512A9 /* Resources */,
			);
			buildRules = (
			);
			dependencies = (
			);
			name = NSDictionaryNilTest;
			productName = NSDictionaryNilTest;
			productReference = 89B0D3152021AD76002512A9 /* NSDictionaryNilTest.app */;
			productType = "com.apple.product-type.application";
		};
		89B0D32C2021AD77002512A9 /* NSDictionaryNilTestTests */ = {
			isa = PBXNativeTarget;
			buildConfigurationList = 89B0D3442021AD77002512A9 /* Build configuration list for PBXNativeTarget "NSDictionaryNilTestTests" */;
			buildPhases = (
				89B0D3292021AD77002512A9 /* Sources */,
				89B0D32A2021AD77002512A9 /* Frameworks */,
				89B0D32B2021AD77002512A9 /* Resources */,
			);
			buildRules = (
			);
			dependencies = (
				89B0D32F2021AD77002512A9 /* PBXTargetDependency */,
			);
			name = NSDictionaryNilTestTests;
			productName = NSDictionaryNilTestTests;
			productReference = 89B0D32D2021AD77002512A9 /* NSDictionaryNilTestTests.xctest */;
			productType = "com.apple.product-type.bundle.unit-test";
		};
		89B0D3372021AD77002512A9 /* NSDictionaryNilTestUITests */ = {
			isa = PBXNativeTarget;
			buildConfigurationList = 89B0D3472021AD77002512A9 /* Build configuration list for PBXNativeTarget "NSDictionaryNilTestUITests" */;
			buildPhases = (
				89B0D3342021AD77002512A9 /* Sources */,
				89B0D3352021AD77002512A9 /* Frameworks */,
				89B0D3362021AD77002512A9 /* Resources */,
			);
			buildRules = (
			);
			dependencies = (
				89B0D33A2021AD77002512A9 /* PBXTargetDependency */,
			);
			name = NSDictionaryNilTestUITests;
			productName = NSDictionaryNilTestUITests;
			productReference = 89B0D3382021AD77002512A9 /* NSDictionaryNilTestUITests.xctest */;
			productType = "com.apple.product-type.bundle.ui-testing";
		};
/* End PBXNativeTarget section */

/* Begin PBXProject section */
		89B0D30D2021AD76002512A9 /* Project object */ = {
			isa = PBXProject;
			attributes = {
				LastUpgradeCheck = 0920;
				ORGANIZATIONNAME = TRS;
				TargetAttributes = {
					89B0D3142021AD76002512A9 = {
						CreatedOnToolsVersion = 9.2;
						ProvisioningStyle = Automatic;
					};
					89B0D32C2021AD77002512A9 = {
						CreatedOnToolsVersion = 9.2;
						ProvisioningStyle = Automatic;
						TestTargetID = 89B0D3142021AD76002512A9;
					};
					89B0D3372021AD77002512A9 = {
						CreatedOnToolsVersion = 9.2;
						ProvisioningStyle = Automatic;
						TestTargetID = 89B0D3142021AD76002512A9;
					};
				};
			};
			buildConfigurationList = 89B0D3102021AD76002512A9 /* Build configuration list for PBXProject "NSDictionaryNilTest" */;
			compatibilityVersion = "Xcode 8.0";
			developmentRegion = en;
			hasScannedForEncodings = 0;
			knownRegions = (
				en,
				Base,
			);
			mainGroup = 89B0D30C2021AD76002512A9;
			productRefGroup = 89B0D3162021AD76002512A9 /* Products */;
			projectDirPath = "";
			projectRoot = "";
			targets = (
				89B0D3142021AD76002512A9 /* NSDictionaryNilTest */,
				89B0D32C2021AD77002512A9 /* NSDictionaryNilTestTests */,
				89B0D3372021AD77002512A9 /* NSDictionaryNilTestUITests */,
			);
		};
/* End PBXProject section */

/* Begin PBXResourcesBuildPhase section */
		89B0D3132021AD76002512A9 /* Resources */ = {
			isa = PBXResourcesBuildPhase;
			buildActionMask = 2147483647;
			files = (
				89B0D3252021AD77002512A9 /* LaunchScreen.storyboard in Resources */,
				89B0D3222021AD77002512A9 /* Assets.xcassets in Resources */,
				89B0D3202021AD77002512A9 /* Main.storyboard in Resources */,
			);
			runOnlyForDeploymentPostprocessing = 0;
		};
		89B0D32B2021AD77002512A9 /* Resources */ = {
			isa = PBXResourcesBuildPhase;
			buildActionMask = 2147483647;
			files = (
			);
			runOnlyForDeploymentPostprocessing = 0;
		};
		89B0D3362021AD77002512A9 /* Resources */ = {
			isa = PBXResourcesBuildPhase;
			buildActionMask = 2147483647;
			files = (
			);
			runOnlyForDeploymentPostprocessing = 0;
		};
/* End PBXResourcesBuildPhase section */

/* Begin PBXSourcesBuildPhase section */
		89B0D3112021AD76002512A9 /* Sources */ = {
			isa = PBXSourcesBuildPhase;
			buildActionMask = 2147483647;
			files = (
				89B0D31D2021AD76002512A9 /* ViewController.m in Sources */,
				89B0D34C2021AD8D002512A9 /* NSDictionary+NilSafe.m in Sources */,
				89B0D3282021AD77002512A9 /* main.m in Sources */,
				89B0D31A2021AD76002512A9 /* AppDelegate.m in Sources */,
			);
			runOnlyForDeploymentPostprocessing = 0;
		};
		89B0D3292021AD77002512A9 /* Sources */ = {
			isa = PBXSourcesBuildPhase;
			buildActionMask = 2147483647;
			files = (
				89B0D3322021AD77002512A9 /* NSDictionaryNilTestTests.m in Sources */,
			);
			runOnlyForDeploymentPostprocessing = 0;
		};
		89B0D3342021AD77002512A9 /* Sources */ = {
			isa = PBXSourcesBuildPhase;
			buildActionMask = 2147483647;
			files = (
				89B0D33D2021AD77002512A9 /* NSDictionaryNilTestUITests.m in Sources */,
			);
			runOnlyForDeploymentPostprocessing = 0;
		};
/* End PBXSourcesBuildPhase section */

/* Begin PBXTargetDependency section */
		89B0D32F2021AD77002512A9 /* PBXTargetDependency */ = {
			isa = PBXTargetDependency;
			target = 89B0D3142021AD76002512A9 /* NSDictionaryNilTest */;
			targetProxy = 89B0D32E2021AD77002512A9 /* PBXContainerItemProxy */;
		};
		89B0D33A2021AD77002512A9 /* PBXTargetDependency */ = {
			isa = PBXTargetDependency;
			target = 89B0D3142021AD76002512A9 /* NSDictionaryNilTest */;
			targetProxy = 89B0D3392021AD77002512A9 /* PBXContainerItemProxy */;
		};
/* End PBXTargetDependency section */

/* Begin PBXVariantGroup section */
		89B0D31E2021AD77002512A9 /* Main.storyboard */ = {
			isa = PBXVariantGroup;
			children = (
				89B0D31F2021AD77002512A9 /* Base */,
			);
			name = Main.storyboard;
			sourceTree = "<group>";
		};
		89B0D3232021AD77002512A9 /* LaunchScreen.storyboard */ = {
			isa = PBXVariantGroup;
			children = (
				89B0D3242021AD77002512A9 /* Base */,
			);
			name = LaunchScreen.storyboard;
			sourceTree = "<group>";
		};
/* End PBXVariantGroup section */

/* Begin XCBuildConfiguration section */
		89B0D33F2021AD77002512A9 /* Debug */ = {
			isa = XCBuildConfiguration;
			buildSettings = {
				ALWAYS_SEARCH_USER_PATHS = NO;
				CLANG_ANALYZER_NONNULL = YES;
				CLANG_ANALYZER_NUMBER_OBJECT_CONVERSION = YES_AGGRESSIVE;
				CLANG_CXX_LANGUAGE_STANDARD = "gnu++14";
				CLANG_CXX_LIBRARY = "libc++";
				CLANG_ENABLE_MODULES = YES;
				CLANG_ENABLE_OBJC_ARC = YES;
				CLANG_WARN_BLOCK_CAPTURE_AUTORELEASING = YES;
				CLANG_WARN_BOOL_CONVERSION = YES;
				CLANG_WARN_COMMA = YES;
				CLANG_WARN_CONSTANT_CONVERSION = YES;
				CLANG_WARN_DIRECT_OBJC_ISA_USAGE = YES_ERROR;
				CLANG_WARN_DOCUMENTATION_COMMENTS = YES;
				CLANG_WARN_EMPTY_BODY = YES;
				CLANG_WARN_ENUM_CONVERSION = YES;
				CLANG_WARN_INFINITE_RECURSION = YES;
				CLANG_WARN_INT_CONVERSION = YES;
				CLANG_WARN_NON_LITERAL_NULL_CONVERSION = YES;
				CLANG_WARN_OBJC_LITERAL_CONVERSION = YES;
				CLANG_WARN_OBJC_ROOT_CLASS = YES_ERROR;
				CLANG_WARN_RANGE_LOOP_ANALYSIS = YES;
				CLANG_WARN_STRICT_PROTOTYPES = YES;
				CLANG_WARN_SUSPICIOUS_MOVE = YES;
				CLANG_WARN_UNGUARDED_AVAILABILITY = YES_AGGRESSIVE;
				CLANG_WARN_UNREACHABLE_CODE = YES;
				CLANG_WARN__DUPLICATE_METHOD_MATCH = YES;
				CODE_SIGN_IDENTITY = "iPhone Developer";
				COPY_PHASE_STRIP = NO;
				DEBUG_INFORMATION_FORMAT = dwarf;
				ENABLE_STRICT_OBJC_MSGSEND = YES;
				ENABLE_TESTABILITY = YES;
				GCC_C_LANGUAGE_STANDARD = gnu11;
				GCC_DYNAMIC_NO_PIC = NO;
				GCC_NO_COMMON_BLOCKS = YES;
				GCC_OPTIMIZATION_LEVEL = 0;
				GCC_PREPROCESSOR_DEFINITIONS = (
					"DEBUG=1",
					"$(inherited)",
				);
				GCC_WARN_64_TO_32_BIT_CONVERSION = YES;
				GCC_WARN_ABOUT_RETURN_TYPE = YES_ERROR;
				GCC_WARN_UNDECLARED_SELECTOR = YES;
				GCC_WARN_UNINITIALIZED_AUTOS = YES_AGGRESSIVE;
				GCC_WARN_UNUSED_FUNCTION = YES;
				GCC_WARN_UNUSED_VARIABLE = YES;
				IPHONEOS_DEPLOYMENT_TARGET = 11.2;
				MTL_ENABLE_DEBUG_INFO = YES;
				ONLY_ACTIVE_ARCH = YES;
				SDKROOT = iphoneos;
			};
			name = Debug;
		};
		89B0D3402021AD77002512A9 /* Release */ = {
			isa = XCBuildConfiguration;
			buildSettings = {
				ALWAYS_SEARCH_USER_PATHS = NO;
				CLANG_ANALYZER_NONNULL = YES;
				CLANG_ANALYZER_NUMBER_OBJECT_CONVERSION = YES_AGGRESSIVE;
				CLANG_CXX_LANGUAGE_STANDARD = "gnu++14";
				CLANG_CXX_LIBRARY = "libc++";
				CLANG_ENABLE_MODULES = YES;
				CLANG_ENABLE_OBJC_ARC = YES;
				CLANG_WARN_BLOCK_CAPTURE_AUTORELEASING = YES;
				CLANG_WARN_BOOL_CONVERSION = YES;
				CLANG_WARN_COMMA = YES;
				CLANG_WARN_CONSTANT_CONVERSION = YES;
				CLANG_WARN_DIRECT_OBJC_ISA_USAGE = YES_ERROR;
				CLANG_WARN_DOCUMENTATION_COMMENTS = YES;
				CLANG_WARN_EMPTY_BODY = YES;
				CLANG_WARN_ENUM_CONVERSION = YES;
				CLANG_WARN_INFINITE_RECURSION = YES;
				CLANG_WARN_INT_CONVERSION = YES;
				CLANG_WARN_NON_LITERAL_NULL_CONVERSION = YES;
				CLANG_WARN_OBJC_LITERAL_CONVERSION = YES;
				CLANG_WARN_OBJC_ROOT_CLASS = YES_ERROR;
				CLANG_WARN_RANGE_LOOP_ANALYSIS = YES;
				CLANG_WARN_STRICT_PROTOTYPES = YES;
				CLANG_WARN_SUSPICIOUS_MOVE = YES;
				CLANG_WARN_UNGUARDED_AVAILABILITY = YES_AGGRESSIVE;
				CLANG_WARN_UNREACHABLE_CODE = YES;
				CLANG_WARN__DUPLICATE_METHOD_MATCH = YES;
				CODE_SIGN_IDENTITY = "iPhone Developer";
				COPY_PHASE_STRIP = NO;
				DEBUG_INFORMATION_FORMAT = "dwarf-with-dsym";
				ENABLE_NS_ASSERTIONS = NO;
				ENABLE_STRICT_OBJC_MSGSEND = YES;
				GCC_C_LANGUAGE_STANDARD = gnu11;
				GCC_NO_COMMON_BLOCKS = YES;
				GCC_WARN_64_TO_32_BIT_CONVERSION = YES;
				GCC_WARN_ABOUT_RETURN_TYPE = YES_ERROR;
				GCC_WARN_UNDECLARED_SELECTOR = YES;
				GCC_WARN_UNINITIALIZED_AUTOS = YES_AGGRESSIVE;
				GCC_WARN_UNUSED_FUNCTION = YES;
				GCC_WARN_UNUSED_VARIABLE = YES;
				IPHONEOS_DEPLOYMENT_TARGET = 11.2;
				MTL_ENABLE_DEBUG_INFO = NO;
				SDKROOT = iphoneos;
				VALIDATE_PRODUCT = YES;
			};
			name = Release;
		};
		89B0D3422021AD77002512A9 /* Debug */ = {
			isa = XCBuildConfiguration;
			buildSettings = {
				ASSETCATALOG_COMPILER_APPICON_NAME = AppIcon;
				CODE_SIGN_STYLE = Automatic;
				DEVELOPMENT_TEAM = QV25246Z9A;
				INFOPLIST_FILE = NSDictionaryNilTest/Info.plist;
				LD_RUNPATH_SEARCH_PATHS = "$(inherited) @executable_path/Frameworks";
				PRODUCT_BUNDLE_IDENTIFIER = com.trs.cn.NSDictionaryNilTest;
				PRODUCT_NAME = "$(TARGET_NAME)";
				TARGETED_DEVICE_FAMILY = "1,2";
			};
			name = Debug;
		};
		89B0D3432021AD77002512A9 /* Release */ = {
			isa = XCBuildConfiguration;
			buildSettings = {
				ASSETCATALOG_COMPILER_APPICON_NAME = AppIcon;
				CODE_SIGN_STYLE = Automatic;
				DEVELOPMENT_TEAM = QV25246Z9A;
				INFOPLIST_FILE = NSDictionaryNilTest/Info.plist;
				LD_RUNPATH_SEARCH_PATHS = "$(inherited) @executable_path/Frameworks";
				PRODUCT_BUNDLE_IDENTIFIER = com.trs.cn.NSDictionaryNilTest;
				PRODUCT_NAME = "$(TARGET_NAME)";
				TARGETED_DEVICE_FAMILY = "1,2";
			};
			name = Release;
		};
		89B0D3452021AD77002512A9 /* Debug */ = {
			isa = XCBuildConfiguration;
			buildSettings = {
				BUNDLE_LOADER = "$(TEST_HOST)";
				CODE_SIGN_STYLE = Automatic;
				DEVELOPMENT_TEAM = QV25246Z9A;
				INFOPLIST_FILE = NSDictionaryNilTestTests/Info.plist;
				LD_RUNPATH_SEARCH_PATHS = "$(inherited) @executable_path/Frameworks @loader_path/Frameworks";
				PRODUCT_BUNDLE_IDENTIFIER = com.trs.cn.NSDictionaryNilTestTests;
				PRODUCT_NAME = "$(TARGET_NAME)";
				TARGETED_DEVICE_FAMILY = "1,2";
				TEST_HOST = "$(BUILT_PRODUCTS_DIR)/NSDictionaryNilTest.app/NSDictionaryNilTest";
			};
			name = Debug;
		};
		89B0D3462021AD77002512A9 /* Release */ = {
			isa = XCBuildConfiguration;
			buildSettings = {
				BUNDLE_LOADER = "$(TEST_HOST)";
				CODE_SIGN_STYLE = Automatic;
				DEVELOPMENT_TEAM = QV25246Z9A;
				INFOPLIST_FILE = NSDictionaryNilTestTests/Info.plist;
				LD_RUNPATH_SEARCH_PATHS = "$(inherited) @executable_path/Frameworks @loader_path/Frameworks";
				PRODUCT_BUNDLE_IDENTIFIER = com.trs.cn.NSDictionaryNilTestTests;
				PRODUCT_NAME = "$(TARGET_NAME)";
				TARGETED_DEVICE_FAMILY = "1,2";
				TEST_HOST = "$(BUILT_PRODUCTS_DIR)/NSDictionaryNilTest.app/NSDictionaryNilTest";
			};
			name = Release;
		};
		89B0D3482021AD77002512A9 /* Debug */ = {
			isa = XCBuildConfiguration;
			buildSettings = {
				CODE_SIGN_STYLE = Automatic;
				DEVELOPMENT_TEAM = QV25246Z9A;
				INFOPLIST_FILE = NSDictionaryNilTestUITests/Info.plist;
				LD_RUNPATH_SEARCH_PATHS = "$(inherited) @executable_path/Frameworks @loader_path/Frameworks";
				PRODUCT_BUNDLE_IDENTIFIER = com.trs.cn.NSDictionaryNilTestUITests;
				PRODUCT_NAME = "$(TARGET_NAME)";
				TARGETED_DEVICE_FAMILY = "1,2";
				TEST_TARGET_NAME = NSDictionaryNilTest;
			};
			name = Debug;
		};
		89B0D3492021AD77002512A9 /* Release */ = {
			isa = XCBuildConfiguration;
			buildSettings = {
				CODE_SIGN_STYLE = Automatic;
				DEVELOPMENT_TEAM = QV25246Z9A;
				INFOPLIST_FILE = NSDictionaryNilTestUITests/Info.plist;
				LD_RUNPATH_SEARCH_PATHS = "$(inherited) @executable_path/Frameworks @loader_path/Frameworks";
				PRODUCT_BUNDLE_IDENTIFIER = com.trs.cn.NSDictionaryNilTestUITests;
				PRODUCT_NAME = "$(TARGET_NAME)";
				TARGETED_DEVICE_FAMILY = "1,2";
				TEST_TARGET_NAME = NSDictionaryNilTest;
			};
			name = Release;
		};
/* End XCBuildConfiguration section */

/* Begin XCConfigurationList section */
		89B0D3102021AD76002512A9 /* Build configuration list for PBXProject "NSDictionaryNilTest" */ = {
			isa = XCConfigurationList;
			buildConfigurations = (
				89B0D33F2021AD77002512A9 /* Debug */,
				89B0D3402021AD77002512A9 /* Release */,
			);
			defaultConfigurationIsVisible = 0;
			defaultConfigurationName = Release;
		};
		89B0D3412021AD77002512A9 /* Build configuration list for PBXNativeTarget "NSDictionaryNilTest" */ = {
			isa = XCConfigurationList;
			buildConfigurations = (
				89B0D3422021AD77002512A9 /* Debug */,
				89B0D3432021AD77002512A9 /* Release */,
			);
			defaultConfigurationIsVisible = 0;
			defaultConfigurationName = Release;
		};
		89B0D3442021AD77002512A9 /* Build configuration list for PBXNativeTarget "NSDictionaryNilTestTests" */ = {
			isa = XCConfigurationList;
			buildConfigurations = (
				89B0D3452021AD77002512A9 /* Debug */,
				89B0D3462021AD77002512A9 /* Release */,
			);
			defaultConfigurationIsVisible = 0;
			defaultConfigurationName = Release;
		};
		89B0D3472021AD77002512A9 /* Build configuration list for PBXNativeTarget "NSDictionaryNilTestUITests" */ = {
			isa = XCConfigurationList;
			buildConfigurations = (
				89B0D3482021AD77002512A9 /* Debug */,
				89B0D3492021AD77002512A9 /* Release */,
			);
			defaultConfigurationIsVisible = 0;
			defaultConfigurationName = Release;
		};
/* End XCConfigurationList section */
	};
	rootObject = 89B0D30D2021AD76002512A9 /* Project object */;
}
